// !$*UTF8*$!
{
	archiveVersion = 1;
	classes = {
	};
	objectVersion = 46;
	objects = {

/* Begin PBXBuildFile section */
		A76FA6D119D26AA90095E1A5 /* AppDelegate.swift in Sources */ = {isa = PBXBuildFile; fileRef = A76FA6D019D26AA90095E1A5 /* AppDelegate.swift */; };
		A76FA6D319D26AA90095E1A5 /* MasterViewController.swift in Sources */ = {isa = PBXBuildFile; fileRef = A76FA6D219D26AA90095E1A5 /* MasterViewController.swift */; };
		A76FA6D519D26AA90095E1A5 /* DetailViewController.swift in Sources */ = {isa = PBXBuildFile; fileRef = A76FA6D419D26AA90095E1A5 /* DetailViewController.swift */; };
		A76FA6D819D26AA90095E1A5 /* Main.storyboard in Resources */ = {isa = PBXBuildFile; fileRef = A76FA6D619D26AA90095E1A5 /* Main.storyboard */; };
		A76FA6DA19D26AA90095E1A5 /* Images.xcassets in Resources */ = {isa = PBXBuildFile; fileRef = A76FA6D919D26AA90095E1A5 /* Images.xcassets */; };
		A76FA6DD19D26AA90095E1A5 /* LaunchScreen.xib in Resources */ = {isa = PBXBuildFile; fileRef = A76FA6DB19D26AA90095E1A5 /* LaunchScreen.xib */; };
		A76FA6E919D26AA90095E1A5 /* FanlowTests.swift in Sources */ = {isa = PBXBuildFile; fileRef = A76FA6E819D26AA90095E1A5 /* FanlowTests.swift */; };
		A76FA6F319D2780E0095E1A5 /* FanlowOfferCollectionViewCell.swift in Sources */ = {isa = PBXBuildFile; fileRef = A76FA6F219D2780E0095E1A5 /* FanlowOfferCollectionViewCell.swift */; };
		A7D9135E19DB97FB00349CD6 /* foodOffer.png in Resources */ = {isa = PBXBuildFile; fileRef = A7D9135D19DB97FB00349CD6 /* foodOffer.png */; };
		A7D9136319DB9DCB00349CD6 /* userFour.png in Resources */ = {isa = PBXBuildFile; fileRef = A7D9135F19DB9DCB00349CD6 /* userFour.png */; };
		A7D9136419DB9DCB00349CD6 /* userOne.png in Resources */ = {isa = PBXBuildFile; fileRef = A7D9136019DB9DCB00349CD6 /* userOne.png */; };
		A7D9136519DB9DCB00349CD6 /* userThree.png in Resources */ = {isa = PBXBuildFile; fileRef = A7D9136119DB9DCB00349CD6 /* userThree.png */; };
		A7D9136619DB9DCB00349CD6 /* userTwo.png in Resources */ = {isa = PBXBuildFile; fileRef = A7D9136219DB9DCB00349CD6 /* userTwo.png */; };
		A7D9136819DB9EF400349CD6 /* heart.png in Resources */ = {isa = PBXBuildFile; fileRef = A7D9136719DB9EF400349CD6 /* heart.png */; };
/* End PBXBuildFile section */

/* Begin PBXContainerItemProxy section */
		A76FA6E319D26AA90095E1A5 /* PBXContainerItemProxy */ = {
			isa = PBXContainerItemProxy;
			containerPortal = A76FA6C319D26AA90095E1A5 /* Project object */;
			proxyType = 1;
			remoteGlobalIDString = A76FA6CA19D26AA90095E1A5;
			remoteInfo = Fanlow;
		};
/* End PBXContainerItemProxy section */

/* Begin PBXFileReference section */
		A76FA6CB19D26AA90095E1A5 /* Fanlow.app */ = {isa = PBXFileReference; explicitFileType = wrapper.application; includeInIndex = 0; path = Fanlow.app; sourceTree = BUILT_PRODUCTS_DIR; };
		A76FA6CF19D26AA90095E1A5 /* Info.plist */ = {isa = PBXFileReference; lastKnownFileType = text.plist.xml; path = Info.plist; sourceTree = "<group>"; };
		A76FA6D019D26AA90095E1A5 /* AppDelegate.swift */ = {isa = PBXFileReference; lastKnownFileType = sourcecode.swift; path = AppDelegate.swift; sourceTree = "<group>"; };
		A76FA6D219D26AA90095E1A5 /* MasterViewController.swift */ = {isa = PBXFileReference; lastKnownFileType = sourcecode.swift; path = MasterViewController.swift; sourceTree = "<group>"; };
		A76FA6D419D26AA90095E1A5 /* DetailViewController.swift */ = {isa = PBXFileReference; lastKnownFileType = sourcecode.swift; path = DetailViewController.swift; sourceTree = "<group>"; };
		A76FA6D719D26AA90095E1A5 /* Base */ = {isa = PBXFileReference; lastKnownFileType = file.storyboard; name = Base; path = Base.lproj/Main.storyboard; sourceTree = "<group>"; };
		A76FA6D919D26AA90095E1A5 /* Images.xcassets */ = {isa = PBXFileReference; lastKnownFileType = folder.assetcatalog; path = Images.xcassets; sourceTree = "<group>"; };
		A76FA6DC19D26AA90095E1A5 /* Base */ = {isa = PBXFileReference; lastKnownFileType = file.xib; name = Base; path = Base.lproj/LaunchScreen.xib; sourceTree = "<group>"; };
		A76FA6E219D26AA90095E1A5 /* FanlowTests.xctest */ = {isa = PBXFileReference; explicitFileType = wrapper.cfbundle; includeInIndex = 0; path = FanlowTests.xctest; sourceTree = BUILT_PRODUCTS_DIR; };
		A76FA6E719D26AA90095E1A5 /* Info.plist */ = {isa = PBXFileReference; lastKnownFileType = text.plist.xml; path = Info.plist; sourceTree = "<group>"; };
		A76FA6E819D26AA90095E1A5 /* FanlowTests.swift */ = {isa = PBXFileReference; lastKnownFileType = sourcecode.swift; path = FanlowTests.swift; sourceTree = "<group>"; };
		A76FA6F219D2780E0095E1A5 /* FanlowOfferCollectionViewCell.swift */ = {isa = PBXFileReference; fileEncoding = 4; lastKnownFileType = sourcecode.swift; path = FanlowOfferCollectionViewCell.swift; sourceTree = "<group>"; };
		A7D9135D19DB97FB00349CD6 /* foodOffer.png */ = {isa = PBXFileReference; lastKnownFileType = image.png; path = foodOffer.png; sourceTree = "<group>"; };
		A7D9135F19DB9DCB00349CD6 /* userFour.png */ = {isa = PBXFileReference; lastKnownFileType = image.png; path = userFour.png; sourceTree = "<group>"; };
		A7D9136019DB9DCB00349CD6 /* userOne.png */ = {isa = PBXFileReference; lastKnownFileType = image.png; path = userOne.png; sourceTree = "<group>"; };
		A7D9136119DB9DCB00349CD6 /* userThree.png */ = {isa = PBXFileReference; lastKnownFileType = image.png; path = userThree.png; sourceTree = "<group>"; };
		A7D9136219DB9DCB00349CD6 /* userTwo.png */ = {isa = PBXFileReference; lastKnownFileType = image.png; path = userTwo.png; sourceTree = "<group>"; };
		A7D9136719DB9EF400349CD6 /* heart.png */ = {isa = PBXFileReference; lastKnownFileType = image.png; path = heart.png; sourceTree = "<group>"; };
/* End PBXFileReference section */

/* Begin PBXFrameworksBuildPhase section */
		A76FA6C819D26AA90095E1A5 /* Frameworks */ = {
			isa = PBXFrameworksBuildPhase;
			buildActionMask = 2147483647;
			files = (
			);
			runOnlyForDeploymentPostprocessing = 0;
		};
		A76FA6DF19D26AA90095E1A5 /* Frameworks */ = {
			isa = PBXFrameworksBuildPhase;
			buildActionMask = 2147483647;
			files = (
			);
			runOnlyForDeploymentPostprocessing = 0;
		};
/* End PBXFrameworksBuildPhase section */

/* Begin PBXGroup section */
		A76FA6C219D26AA90095E1A5 = {
			isa = PBXGroup;
			children = (
				A76FA6CD19D26AA90095E1A5 /* Fanlow */,
				A76FA6E519D26AA90095E1A5 /* FanlowTests */,
				A76FA6CC19D26AA90095E1A5 /* Products */,
			);
			sourceTree = "<group>";
		};
		A76FA6CC19D26AA90095E1A5 /* Products */ = {
			isa = PBXGroup;
			children = (
				A76FA6CB19D26AA90095E1A5 /* Fanlow.app */,
				A76FA6E219D26AA90095E1A5 /* FanlowTests.xctest */,
			);
			name = Products;
			sourceTree = "<group>";
		};
		A76FA6CD19D26AA90095E1A5 /* Fanlow */ = {
			isa = PBXGroup;
			children = (
				A76FA6D019D26AA90095E1A5 /* AppDelegate.swift */,
				A76FA6D219D26AA90095E1A5 /* MasterViewController.swift */,
				A76FA6D419D26AA90095E1A5 /* DetailViewController.swift */,
				A76FA6F219D2780E0095E1A5 /* FanlowOfferCollectionViewCell.swift */,
				A76FA6D619D26AA90095E1A5 /* Main.storyboard */,
				A7D9135D19DB97FB00349CD6 /* foodOffer.png */,
				A7D9135F19DB9DCB00349CD6 /* userFour.png */,
				A7D9136019DB9DCB00349CD6 /* userOne.png */,
				A7D9136119DB9DCB00349CD6 /* userThree.png */,
				A7D9136219DB9DCB00349CD6 /* userTwo.png */,
				A7D9136719DB9EF400349CD6 /* heart.png */,
				A76FA6D919D26AA90095E1A5 /* Images.xcassets */,
				A76FA6DB19D26AA90095E1A5 /* LaunchScreen.xib */,
				A76FA6CE19D26AA90095E1A5 /* Supporting Files */,
			);
			path = Fanlow;
			sourceTree = "<group>";
		};
		A76FA6CE19D26AA90095E1A5 /* Supporting Files */ = {
			isa = PBXGroup;
			children = (
				A76FA6CF19D26AA90095E1A5 /* Info.plist */,
			);
			name = "Supporting Files";
			sourceTree = "<group>";
		};
		A76FA6E519D26AA90095E1A5 /* FanlowTests */ = {
			isa = PBXGroup;
			children = (
				A76FA6E819D26AA90095E1A5 /* FanlowTests.swift */,
				A76FA6E619D26AA90095E1A5 /* Supporting Files */,
			);
			path = FanlowTests;
			sourceTree = "<group>";
		};
		A76FA6E619D26AA90095E1A5 /* Supporting Files */ = {
			isa = PBXGroup;
			children = (
				A76FA6E719D26AA90095E1A5 /* Info.plist */,
			);
			name = "Supporting Files";
			sourceTree = "<group>";
		};
/* End PBXGroup section */

/* Begin PBXNativeTarget section */
		A76FA6CA19D26AA90095E1A5 /* Fanlow */ = {
			isa = PBXNativeTarget;
			buildConfigurationList = A76FA6EC19D26AA90095E1A5 /* Build configuration list for PBXNativeTarget "Fanlow" */;
			buildPhases = (
				A76FA6C719D26AA90095E1A5 /* Sources */,
				A76FA6C819D26AA90095E1A5 /* Frameworks */,
				A76FA6C919D26AA90095E1A5 /* Resources */,
			);
			buildRules = (
			);
			dependencies = (
			);
			name = Fanlow;
			productName = Fanlow;
			productReference = A76FA6CB19D26AA90095E1A5 /* Fanlow.app */;
			productType = "com.apple.product-type.application";
		};
		A76FA6E119D26AA90095E1A5 /* FanlowTests */ = {
			isa = PBXNativeTarget;
			buildConfigurationList = A76FA6EF19D26AA90095E1A5 /* Build configuration list for PBXNativeTarget "FanlowTests" */;
			buildPhases = (
				A76FA6DE19D26AA90095E1A5 /* Sources */,
				A76FA6DF19D26AA90095E1A5 /* Frameworks */,
				A76FA6E019D26AA90095E1A5 /* Resources */,
			);
			buildRules = (
			);
			dependencies = (
				A76FA6E419D26AA90095E1A5 /* PBXTargetDependency */,
			);
			name = FanlowTests;
			productName = FanlowTests;
			productReference = A76FA6E219D26AA90095E1A5 /* FanlowTests.xctest */;
			productType = "com.apple.product-type.bundle.unit-test";
		};
/* End PBXNativeTarget section */

/* Begin PBXProject section */
		A76FA6C319D26AA90095E1A5 /* Project object */ = {
			isa = PBXProject;
			attributes = {
				LastUpgradeCheck = 0600;
				ORGANIZATIONNAME = Fanlow;
				TargetAttributes = {
					A76FA6CA19D26AA90095E1A5 = {
						CreatedOnToolsVersion = 6.0.1;
					};
					A76FA6E119D26AA90095E1A5 = {
						CreatedOnToolsVersion = 6.0.1;
						TestTargetID = A76FA6CA19D26AA90095E1A5;
					};
				};
			};
			buildConfigurationList = A76FA6C619D26AA90095E1A5 /* Build configuration list for PBXProject "Fanlow" */;
			compatibilityVersion = "Xcode 3.2";
			developmentRegion = English;
			hasScannedForEncodings = 0;
			knownRegions = (
				en,
				Base,
			);
			mainGroup = A76FA6C219D26AA90095E1A5;
			productRefGroup = A76FA6CC19D26AA90095E1A5 /* Products */;
			projectDirPath = "";
			projectRoot = "";
			targets = (
				A76FA6CA19D26AA90095E1A5 /* Fanlow */,
				A76FA6E119D26AA90095E1A5 /* FanlowTests */,
			);
		};
/* End PBXProject section */

/* Begin PBXResourcesBuildPhase section */
		A76FA6C919D26AA90095E1A5 /* Resources */ = {
			isa = PBXResourcesBuildPhase;
			buildActionMask = 2147483647;
			files = (
				A7D9136319DB9DCB00349CD6 /* userFour.png in Resources */,
				A7D9136819DB9EF400349CD6 /* heart.png in Resources */,
				A76FA6D819D26AA90095E1A5 /* Main.storyboard in Resources */,
				A76FA6DD19D26AA90095E1A5 /* LaunchScreen.xib in Resources */,
				A7D9136419DB9DCB00349CD6 /* userOne.png in Resources */,
				A7D9135E19DB97FB00349CD6 /* foodOffer.png in Resources */,
				A76FA6DA19D26AA90095E1A5 /* Images.xcassets in Resources */,
				A7D9136519DB9DCB00349CD6 /* userThree.png in Resources */,
				A7D9136619DB9DCB00349CD6 /* userTwo.png in Resources */,
			);
			runOnlyForDeploymentPostprocessing = 0;
		};
		A76FA6E019D26AA90095E1A5 /* Resources */ = {
			isa = PBXResourcesBuildPhase;
			buildActionMask = 2147483647;
			files = (
			);
			runOnlyForDeploymentPostprocessing = 0;
		};
/* End PBXResourcesBuildPhase section */

/* Begin PBXSourcesBuildPhase section */
		A76FA6C719D26AA90095E1A5 /* Sources */ = {
			isa = PBXSourcesBuildPhase;
			buildActionMask = 2147483647;
			files = (
				A76FA6D519D26AA90095E1A5 /* DetailViewController.swift in Sources */,
				A76FA6D319D26AA90095E1A5 /* MasterViewController.swift in Sources */,
				A76FA6F319D2780E0095E1A5 /* FanlowOfferCollectionViewCell.swift in Sources */,
				A76FA6D119D26AA90095E1A5 /* AppDelegate.swift in Sources */,
			);
			runOnlyForDeploymentPostprocessing = 0;
		};
		A76FA6DE19D26AA90095E1A5 /* Sources */ = {
			isa = PBXSourcesBuildPhase;
			buildActionMask = 2147483647;
			files = (
				A76FA6E919D26AA90095E1A5 /* FanlowTests.swift in Sources */,
			);
			runOnlyForDeploymentPostprocessing = 0;
		};
/* End PBXSourcesBuildPhase section */

/* Begin PBXTargetDependency section */
		A76FA6E419D26AA90095E1A5 /* PBXTargetDependency */ = {
			isa = PBXTargetDependency;
			target = A76FA6CA19D26AA90095E1A5 /* Fanlow */;
			targetProxy = A76FA6E319D26AA90095E1A5 /* PBXContainerItemProxy */;
		};
/* End PBXTargetDependency section */

/* Begin PBXVariantGroup section */
		A76FA6D619D26AA90095E1A5 /* Main.storyboard */ = {
			isa = PBXVariantGroup;
			children = (
				A76FA6D719D26AA90095E1A5 /* Base */,
			);
			name = Main.storyboard;
			sourceTree = "<group>";
		};
		A76FA6DB19D26AA90095E1A5 /* LaunchScreen.xib */ = {
			isa = PBXVariantGroup;
			children = (
				A76FA6DC19D26AA90095E1A5 /* Base */,
			);
			name = LaunchScreen.xib;
			sourceTree = "<group>";
		};
/* End PBXVariantGroup section */

/* Begin XCBuildConfiguration section */
		A76FA6EA19D26AA90095E1A5 /* Debug */ = {
			isa = XCBuildConfiguration;
			buildSettings = {
				ALWAYS_SEARCH_USER_PATHS = NO;
				CLANG_CXX_LANGUAGE_STANDARD = "gnu++0x";
				CLANG_CXX_LIBRARY = "libc++";
				CLANG_ENABLE_MODULES = YES;
				CLANG_ENABLE_OBJC_ARC = YES;
				CLANG_WARN_BOOL_CONVERSION = YES;
				CLANG_WARN_CONSTANT_CONVERSION = YES;
				CLANG_WARN_DIRECT_OBJC_ISA_USAGE = YES_ERROR;
				CLANG_WARN_EMPTY_BODY = YES;
				CLANG_WARN_ENUM_CONVERSION = YES;
				CLANG_WARN_INT_CONVERSION = YES;
				CLANG_WARN_OBJC_ROOT_CLASS = YES_ERROR;
				CLANG_WARN_UNREACHABLE_CODE = YES;
				CLANG_WARN__DUPLICATE_METHOD_MATCH = YES;
				"CODE_SIGN_IDENTITY[sdk=iphoneos*]" = "iPhone Developer";
				COPY_PHASE_STRIP = NO;
				ENABLE_STRICT_OBJC_MSGSEND = YES;
				GCC_C_LANGUAGE_STANDARD = gnu99;
				GCC_DYNAMIC_NO_PIC = NO;
				GCC_OPTIMIZATION_LEVEL = 0;
				GCC_PREPROCESSOR_DEFINITIONS = (
					"DEBUG=1",
					"$(inherited)",
				);
				GCC_SYMBOLS_PRIVATE_EXTERN = NO;
				GCC_WARN_64_TO_32_BIT_CONVERSION = YES;
				GCC_WARN_ABOUT_RETURN_TYPE = YES_ERROR;
				GCC_WARN_UNDECLARED_SELECTOR = YES;
				GCC_WARN_UNINITIALIZED_AUTOS = YES_AGGRESSIVE;
				GCC_WARN_UNUSED_FUNCTION = YES;
				GCC_WARN_UNUSED_VARIABLE = YES;
				IPHONEOS_DEPLOYMENT_TARGET = 8.0;
				MTL_ENABLE_DEBUG_INFO = YES;
				ONLY_ACTIVE_ARCH = YES;
				SDKROOT = iphoneos;
				SWIFT_OPTIMIZATION_LEVEL = "-Onone";
			};
			name = Debug;
		};
		A76FA6EB19D26AA90095E1A5 /* Release */ = {
			isa = XCBuildConfiguration;
			buildSettings = {
				ALWAYS_SEARCH_USER_PATHS = NO;
				CLANG_CXX_LANGUAGE_STANDARD = "gnu++0x";
				CLANG_CXX_LIBRARY = "libc++";
				CLANG_ENABLE_MODULES = YES;
				CLANG_ENABLE_OBJC_ARC = YES;
				CLANG_WARN_BOOL_CONVERSION = YES;
				CLANG_WARN_CONSTANT_CONVERSION = YES;
				CLANG_WARN_DIRECT_OBJC_ISA_USAGE = YES_ERROR;
				CLANG_WARN_EMPTY_BODY = YES;
				CLANG_WARN_ENUM_CONVERSION = YES;
				CLANG_WARN_INT_CONVERSION = YES;
				CLANG_WARN_OBJC_ROOT_CLASS = YES_ERROR;
				CLANG_WARN_UNREACHABLE_CODE = YES;
				CLANG_WARN__DUPLICATE_METHOD_MATCH = YES;
				"CODE_SIGN_IDENTITY[sdk=iphoneos*]" = "iPhone Developer";
				COPY_PHASE_STRIP = YES;
				ENABLE_NS_ASSERTIONS = NO;
				ENABLE_STRICT_OBJC_MSGSEND = YES;
				GCC_C_LANGUAGE_STANDARD = gnu99;
				GCC_WARN_64_TO_32_BIT_CONVERSION = YES;
				GCC_WARN_ABOUT_RETURN_TYPE = YES_ERROR;
				GCC_WARN_UNDECLARED_SELECTOR = YES;
				GCC_WARN_UNINITIALIZED_AUTOS = YES_AGGRESSIVE;
				GCC_WARN_UNUSED_FUNCTION = YES;
				GCC_WARN_UNUSED_VARIABLE = YES;
				IPHONEOS_DEPLOYMENT_TARGET = 8.0;
				MTL_ENABLE_DEBUG_INFO = NO;
				SDKROOT = iphoneos;
				VALIDATE_PRODUCT = YES;
			};
			name = Release;
		};
		A76FA6ED19D26AA90095E1A5 /* Debug */ = {
			isa = XCBuildConfiguration;
			buildSettings = {
				ASSETCATALOG_COMPILER_APPICON_NAME = AppIcon;
				ASSETCATALOG_COMPILER_LAUNCHIMAGE_NAME = LaunchImage;
				INFOPLIST_FILE = Fanlow/Info.plist;
				LD_RUNPATH_SEARCH_PATHS = "$(inherited) @executable_path/Frameworks";
				PRODUCT_NAME = "$(TARGET_NAME)";
				TARGETED_DEVICE_FAMILY = "1,2";
			};
			name = Debug;
		};
		A76FA6EE19D26AA90095E1A5 /* Release */ = {
			isa = XCBuildConfiguration;
			buildSettings = {
				ASSETCATALOG_COMPILER_APPICON_NAME = AppIcon;
				ASSETCATALOG_COMPILER_LAUNCHIMAGE_NAME = LaunchImage;
				INFOPLIST_FILE = Fanlow/Info.plist;
				LD_RUNPATH_SEARCH_PATHS = "$(inherited) @executable_path/Frameworks";
				PRODUCT_NAME = "$(TARGET_NAME)";
				TARGETED_DEVICE_FAMILY = "1,2";
			};
			name = Release;
		};
		A76FA6F019D26AA90095E1A5 /* Debug */ = {
			isa = XCBuildConfiguration;
			buildSettings = {
				BUNDLE_LOADER = "$(TEST_HOST)";
				FRAMEWORK_SEARCH_PATHS = (
					"$(SDKROOT)/Developer/Library/Frameworks",
					"$(inherited)",
				);
				GCC_PREPROCESSOR_DEFINITIONS = (
					"DEBUG=1",
					"$(inherited)",
				);
				INFOPLIST_FILE = FanlowTests/Info.plist;
				LD_RUNPATH_SEARCH_PATHS = "$(inherited) @executable_path/Frameworks @loader_path/Frameworks";
				PRODUCT_NAME = "$(TARGET_NAME)";
				TEST_HOST = "$(BUILT_PRODUCTS_DIR)/Fanlow.app/Fanlow";
			};
			name = Debug;
		};
		A76FA6F119D26AA90095E1A5 /* Release */ = {
			isa = XCBuildConfiguration;
			buildSettings = {
				BUNDLE_LOADER = "$(TEST_HOST)";
				FRAMEWORK_SEARCH_PATHS = (
					"$(SDKROOT)/Developer/Library/Frameworks",
					"$(inherited)",
				);
				INFOPLIST_FILE = FanlowTests/Info.plist;
				LD_RUNPATH_SEARCH_PATHS = "$(inherited) @executable_path/Frameworks @loader_path/Frameworks";
				PRODUCT_NAME = "$(TARGET_NAME)";
				TEST_HOST = "$(BUILT_PRODUCTS_DIR)/Fanlow.app/Fanlow";
			};
			name = Release;
		};
/* End XCBuildConfiguration section */

/* Begin XCConfigurationList section */
		A76FA6C619D26AA90095E1A5 /* Build configuration list for PBXProject "Fanlow" */ = {
			isa = XCConfigurationList;
			buildConfigurations = (
				A76FA6EA19D26AA90095E1A5 /* Debug */,
				A76FA6EB19D26AA90095E1A5 /* Release */,
			);
			defaultConfigurationIsVisible = 0;
			defaultConfigurationName = Release;
		};
		A76FA6EC19D26AA90095E1A5 /* Build configuration list for PBXNativeTarget "Fanlow" */ = {
			isa = XCConfigurationList;
			buildConfigurations = (
				A76FA6ED19D26AA90095E1A5 /* Debug */,
				A76FA6EE19D26AA90095E1A5 /* Release */,
			);
			defaultConfigurationIsVisible = 0;
			defaultConfigurationName = Release;
		};
		A76FA6EF19D26AA90095E1A5 /* Build configuration list for PBXNativeTarget "FanlowTests" */ = {
			isa = XCConfigurationList;
			buildConfigurations = (
				A76FA6F019D26AA90095E1A5 /* Debug */,
				A76FA6F119D26AA90095E1A5 /* Release */,
			);
			defaultConfigurationIsVisible = 0;
			defaultConfigurationName = Release;
		};
/* End XCConfigurationList section */
	};
	rootObject = A76FA6C319D26AA90095E1A5 /* Project object */;
}
