// !$*UTF8*$!
{
	archiveVersion = 1;
	classes = {
	};
	objectVersion = 46;
	objects = {

/* Begin PBXBuildFile section */
		A77E562B19C91B2800ED164C /* Foundation.framework in Frameworks */ = {isa = PBXBuildFile; fileRef = A77E562A19C91B2800ED164C /* Foundation.framework */; };
		A77E562D19C91B2800ED164C /* CoreGraphics.framework in Frameworks */ = {isa = PBXBuildFile; fileRef = A77E562C19C91B2800ED164C /* CoreGraphics.framework */; };
		A77E562F19C91B2800ED164C /* UIKit.framework in Frameworks */ = {isa = PBXBuildFile; fileRef = A77E562E19C91B2800ED164C /* UIKit.framework */; };
		A77E563519C91B2800ED164C /* InfoPlist.strings in Resources */ = {isa = PBXBuildFile; fileRef = A77E563319C91B2800ED164C /* InfoPlist.strings */; };
		A77E563719C91B2800ED164C /* main.m in Sources */ = {isa = PBXBuildFile; fileRef = A77E563619C91B2800ED164C /* main.m */; };
		A77E563B19C91B2800ED164C /* AppDelegate.m in Sources */ = {isa = PBXBuildFile; fileRef = A77E563A19C91B2800ED164C /* AppDelegate.m */; };
		A77E563E19C91B2800ED164C /* Main.storyboard in Resources */ = {isa = PBXBuildFile; fileRef = A77E563C19C91B2800ED164C /* Main.storyboard */; };
		A77E564119C91B2800ED164C /* FirstViewController.m in Sources */ = {isa = PBXBuildFile; fileRef = A77E564019C91B2800ED164C /* FirstViewController.m */; };
		A77E564419C91B2800ED164C /* SecondViewController.m in Sources */ = {isa = PBXBuildFile; fileRef = A77E564319C91B2800ED164C /* SecondViewController.m */; };
		A77E564619C91B2800ED164C /* Images.xcassets in Resources */ = {isa = PBXBuildFile; fileRef = A77E564519C91B2800ED164C /* Images.xcassets */; };
		A77E564D19C91B2800ED164C /* XCTest.framework in Frameworks */ = {isa = PBXBuildFile; fileRef = A77E564C19C91B2800ED164C /* XCTest.framework */; };
		A77E564E19C91B2800ED164C /* Foundation.framework in Frameworks */ = {isa = PBXBuildFile; fileRef = A77E562A19C91B2800ED164C /* Foundation.framework */; };
		A77E564F19C91B2800ED164C /* UIKit.framework in Frameworks */ = {isa = PBXBuildFile; fileRef = A77E562E19C91B2800ED164C /* UIKit.framework */; };
		A77E565719C91B2800ED164C /* InfoPlist.strings in Resources */ = {isa = PBXBuildFile; fileRef = A77E565519C91B2800ED164C /* InfoPlist.strings */; };
		A77E565919C91B2800ED164C /* FanlowTests.m in Sources */ = {isa = PBXBuildFile; fileRef = A77E565819C91B2800ED164C /* FanlowTests.m */; };
/* End PBXBuildFile section */

/* Begin PBXContainerItemProxy section */
		A77E565019C91B2800ED164C /* PBXContainerItemProxy */ = {
			isa = PBXContainerItemProxy;
			containerPortal = A77E561F19C91B2800ED164C /* Project object */;
			proxyType = 1;
			remoteGlobalIDString = A77E562619C91B2800ED164C;
			remoteInfo = Fanlow;
		};
/* End PBXContainerItemProxy section */

/* Begin PBXFileReference section */
		A77E562719C91B2800ED164C /* Fanlow.app */ = {isa = PBXFileReference; explicitFileType = wrapper.application; includeInIndex = 0; path = Fanlow.app; sourceTree = BUILT_PRODUCTS_DIR; };
		A77E562A19C91B2800ED164C /* Foundation.framework */ = {isa = PBXFileReference; lastKnownFileType = wrapper.framework; name = Foundation.framework; path = System/Library/Frameworks/Foundation.framework; sourceTree = SDKROOT; };
		A77E562C19C91B2800ED164C /* CoreGraphics.framework */ = {isa = PBXFileReference; lastKnownFileType = wrapper.framework; name = CoreGraphics.framework; path = System/Library/Frameworks/CoreGraphics.framework; sourceTree = SDKROOT; };
		A77E562E19C91B2800ED164C /* UIKit.framework */ = {isa = PBXFileReference; lastKnownFileType = wrapper.framework; name = UIKit.framework; path = System/Library/Frameworks/UIKit.framework; sourceTree = SDKROOT; };
		A77E563219C91B2800ED164C /* Fanlow-Info.plist */ = {isa = PBXFileReference; lastKnownFileType = text.plist.xml; path = "Fanlow-Info.plist"; sourceTree = "<group>"; };
		A77E563419C91B2800ED164C /* en */ = {isa = PBXFileReference; lastKnownFileType = text.plist.strings; name = en; path = en.lproj/InfoPlist.strings; sourceTree = "<group>"; };
		A77E563619C91B2800ED164C /* main.m */ = {isa = PBXFileReference; lastKnownFileType = sourcecode.c.objc; path = main.m; sourceTree = "<group>"; };
		A77E563819C91B2800ED164C /* Fanlow-Prefix.pch */ = {isa = PBXFileReference; lastKnownFileType = sourcecode.c.h; path = "Fanlow-Prefix.pch"; sourceTree = "<group>"; };
		A77E563919C91B2800ED164C /* AppDelegate.h */ = {isa = PBXFileReference; lastKnownFileType = sourcecode.c.h; path = AppDelegate.h; sourceTree = "<group>"; };
		A77E563A19C91B2800ED164C /* AppDelegate.m */ = {isa = PBXFileReference; lastKnownFileType = sourcecode.c.objc; path = AppDelegate.m; sourceTree = "<group>"; };
		A77E563D19C91B2800ED164C /* Base */ = {isa = PBXFileReference; lastKnownFileType = file.storyboard; name = Base; path = Base.lproj/Main.storyboard; sourceTree = "<group>"; };
		A77E563F19C91B2800ED164C /* FirstViewController.h */ = {isa = PBXFileReference; lastKnownFileType = sourcecode.c.h; path = FirstViewController.h; sourceTree = "<group>"; };
		A77E564019C91B2800ED164C /* FirstViewController.m */ = {isa = PBXFileReference; lastKnownFileType = sourcecode.c.objc; path = FirstViewController.m; sourceTree = "<group>"; };
		A77E564219C91B2800ED164C /* SecondViewController.h */ = {isa = PBXFileReference; lastKnownFileType = sourcecode.c.h; path = SecondViewController.h; sourceTree = "<group>"; };
		A77E564319C91B2800ED164C /* SecondViewController.m */ = {isa = PBXFileReference; lastKnownFileType = sourcecode.c.objc; path = SecondViewController.m; sourceTree = "<group>"; };
		A77E564519C91B2800ED164C /* Images.xcassets */ = {isa = PBXFileReference; lastKnownFileType = folder.assetcatalog; path = Images.xcassets; sourceTree = "<group>"; };
		A77E564B19C91B2800ED164C /* FanlowTests.xctest */ = {isa = PBXFileReference; explicitFileType = wrapper.cfbundle; includeInIndex = 0; path = FanlowTests.xctest; sourceTree = BUILT_PRODUCTS_DIR; };
		A77E564C19C91B2800ED164C /* XCTest.framework */ = {isa = PBXFileReference; lastKnownFileType = wrapper.framework; name = XCTest.framework; path = Library/Frameworks/XCTest.framework; sourceTree = DEVELOPER_DIR; };
		A77E565419C91B2800ED164C /* FanlowTests-Info.plist */ = {isa = PBXFileReference; lastKnownFileType = text.plist.xml; path = "FanlowTests-Info.plist"; sourceTree = "<group>"; };
		A77E565619C91B2800ED164C /* en */ = {isa = PBXFileReference; lastKnownFileType = text.plist.strings; name = en; path = en.lproj/InfoPlist.strings; sourceTree = "<group>"; };
		A77E565819C91B2800ED164C /* FanlowTests.m */ = {isa = PBXFileReference; lastKnownFileType = sourcecode.c.objc; path = FanlowTests.m; sourceTree = "<group>"; };
/* End PBXFileReference section */

/* Begin PBXFrameworksBuildPhase section */
		A77E562419C91B2800ED164C /* Frameworks */ = {
			isa = PBXFrameworksBuildPhase;
			buildActionMask = 2147483647;
			files = (
				A77E562D19C91B2800ED164C /* CoreGraphics.framework in Frameworks */,
				A77E562F19C91B2800ED164C /* UIKit.framework in Frameworks */,
				A77E562B19C91B2800ED164C /* Foundation.framework in Frameworks */,
			);
			runOnlyForDeploymentPostprocessing = 0;
		};
		A77E564819C91B2800ED164C /* Frameworks */ = {
			isa = PBXFrameworksBuildPhase;
			buildActionMask = 2147483647;
			files = (
				A77E564D19C91B2800ED164C /* XCTest.framework in Frameworks */,
				A77E564F19C91B2800ED164C /* UIKit.framework in Frameworks */,
				A77E564E19C91B2800ED164C /* Foundation.framework in Frameworks */,
			);
			runOnlyForDeploymentPostprocessing = 0;
		};
/* End PBXFrameworksBuildPhase section */

/* Begin PBXGroup section */
		A77E561E19C91B2800ED164C = {
			isa = PBXGroup;
			children = (
				A77E563019C91B2800ED164C /* Fanlow */,
				A77E565219C91B2800ED164C /* FanlowTests */,
				A77E562919C91B2800ED164C /* Frameworks */,
				A77E562819C91B2800ED164C /* Products */,
			);
			sourceTree = "<group>";
		};
		A77E562819C91B2800ED164C /* Products */ = {
			isa = PBXGroup;
			children = (
				A77E562719C91B2800ED164C /* Fanlow.app */,
				A77E564B19C91B2800ED164C /* FanlowTests.xctest */,
			);
			name = Products;
			sourceTree = "<group>";
		};
		A77E562919C91B2800ED164C /* Frameworks */ = {
			isa = PBXGroup;
			children = (
				A77E562A19C91B2800ED164C /* Foundation.framework */,
				A77E562C19C91B2800ED164C /* CoreGraphics.framework */,
				A77E562E19C91B2800ED164C /* UIKit.framework */,
				A77E564C19C91B2800ED164C /* XCTest.framework */,
			);
			name = Frameworks;
			sourceTree = "<group>";
		};
		A77E563019C91B2800ED164C /* Fanlow */ = {
			isa = PBXGroup;
			children = (
				A77E563919C91B2800ED164C /* AppDelegate.h */,
				A77E563A19C91B2800ED164C /* AppDelegate.m */,
				A77E563C19C91B2800ED164C /* Main.storyboard */,
				A77E563F19C91B2800ED164C /* FirstViewController.h */,
				A77E564019C91B2800ED164C /* FirstViewController.m */,
				A77E564219C91B2800ED164C /* SecondViewController.h */,
				A77E564319C91B2800ED164C /* SecondViewController.m */,
				A77E564519C91B2800ED164C /* Images.xcassets */,
				A77E563119C91B2800ED164C /* Supporting Files */,
			);
			path = Fanlow;
			sourceTree = "<group>";
		};
		A77E563119C91B2800ED164C /* Supporting Files */ = {
			isa = PBXGroup;
			children = (
				A77E563219C91B2800ED164C /* Fanlow-Info.plist */,
				A77E563319C91B2800ED164C /* InfoPlist.strings */,
				A77E563619C91B2800ED164C /* main.m */,
				A77E563819C91B2800ED164C /* Fanlow-Prefix.pch */,
			);
			name = "Supporting Files";
			sourceTree = "<group>";
		};
		A77E565219C91B2800ED164C /* FanlowTests */ = {
			isa = PBXGroup;
			children = (
				A77E565819C91B2800ED164C /* FanlowTests.m */,
				A77E565319C91B2800ED164C /* Supporting Files */,
			);
			path = FanlowTests;
			sourceTree = "<group>";
		};
		A77E565319C91B2800ED164C /* Supporting Files */ = {
			isa = PBXGroup;
			children = (
				A77E565419C91B2800ED164C /* FanlowTests-Info.plist */,
				A77E565519C91B2800ED164C /* InfoPlist.strings */,
			);
			name = "Supporting Files";
			sourceTree = "<group>";
		};
/* End PBXGroup section */

/* Begin PBXNativeTarget section */
		A77E562619C91B2800ED164C /* Fanlow */ = {
			isa = PBXNativeTarget;
			buildConfigurationList = A77E565C19C91B2800ED164C /* Build configuration list for PBXNativeTarget "Fanlow" */;
			buildPhases = (
				A77E562319C91B2800ED164C /* Sources */,
				A77E562419C91B2800ED164C /* Frameworks */,
				A77E562519C91B2800ED164C /* Resources */,
			);
			buildRules = (
			);
			dependencies = (
			);
			name = Fanlow;
			productName = Fanlow;
			productReference = A77E562719C91B2800ED164C /* Fanlow.app */;
			productType = "com.apple.product-type.application";
		};
		A77E564A19C91B2800ED164C /* FanlowTests */ = {
			isa = PBXNativeTarget;
			buildConfigurationList = A77E565F19C91B2800ED164C /* Build configuration list for PBXNativeTarget "FanlowTests" */;
			buildPhases = (
				A77E564719C91B2800ED164C /* Sources */,
				A77E564819C91B2800ED164C /* Frameworks */,
				A77E564919C91B2800ED164C /* Resources */,
			);
			buildRules = (
			);
			dependencies = (
				A77E565119C91B2800ED164C /* PBXTargetDependency */,
			);
			name = FanlowTests;
			productName = FanlowTests;
			productReference = A77E564B19C91B2800ED164C /* FanlowTests.xctest */;
			productType = "com.apple.product-type.bundle.unit-test";
		};
/* End PBXNativeTarget section */

/* Begin PBXProject section */
		A77E561F19C91B2800ED164C /* Project object */ = {
			isa = PBXProject;
			attributes = {
				LastUpgradeCheck = 0510;
				ORGANIZATIONNAME = Fanlow;
				TargetAttributes = {
					A77E564A19C91B2800ED164C = {
						TestTargetID = A77E562619C91B2800ED164C;
					};
				};
			};
			buildConfigurationList = A77E562219C91B2800ED164C /* Build configuration list for PBXProject "Fanlow" */;
			compatibilityVersion = "Xcode 3.2";
			developmentRegion = English;
			hasScannedForEncodings = 0;
			knownRegions = (
				en,
				Base,
			);
			mainGroup = A77E561E19C91B2800ED164C;
			productRefGroup = A77E562819C91B2800ED164C /* Products */;
			projectDirPath = "";
			projectRoot = "";
			targets = (
				A77E562619C91B2800ED164C /* Fanlow */,
				A77E564A19C91B2800ED164C /* FanlowTests */,
			);
		};
/* End PBXProject section */

/* Begin PBXResourcesBuildPhase section */
		A77E562519C91B2800ED164C /* Resources */ = {
			isa = PBXResourcesBuildPhase;
			buildActionMask = 2147483647;
			files = (
				A77E564619C91B2800ED164C /* Images.xcassets in Resources */,
				A77E563519C91B2800ED164C /* InfoPlist.strings in Resources */,
				A77E563E19C91B2800ED164C /* Main.storyboard in Resources */,
			);
			runOnlyForDeploymentPostprocessing = 0;
		};
		A77E564919C91B2800ED164C /* Resources */ = {
			isa = PBXResourcesBuildPhase;
			buildActionMask = 2147483647;
			files = (
				A77E565719C91B2800ED164C /* InfoPlist.strings in Resources */,
			);
			runOnlyForDeploymentPostprocessing = 0;
		};
/* End PBXResourcesBuildPhase section */

/* Begin PBXSourcesBuildPhase section */
		A77E562319C91B2800ED164C /* Sources */ = {
			isa = PBXSourcesBuildPhase;
			buildActionMask = 2147483647;
			files = (
				A77E564419C91B2800ED164C /* SecondViewController.m in Sources */,
				A77E563B19C91B2800ED164C /* AppDelegate.m in Sources */,
				A77E564119C91B2800ED164C /* FirstViewController.m in Sources */,
				A77E563719C91B2800ED164C /* main.m in Sources */,
			);
			runOnlyForDeploymentPostprocessing = 0;
		};
		A77E564719C91B2800ED164C /* Sources */ = {
			isa = PBXSourcesBuildPhase;
			buildActionMask = 2147483647;
			files = (
				A77E565919C91B2800ED164C /* FanlowTests.m in Sources */,
			);
			runOnlyForDeploymentPostprocessing = 0;
		};
/* End PBXSourcesBuildPhase section */

/* Begin PBXTargetDependency section */
		A77E565119C91B2800ED164C /* PBXTargetDependency */ = {
			isa = PBXTargetDependency;
			target = A77E562619C91B2800ED164C /* Fanlow */;
			targetProxy = A77E565019C91B2800ED164C /* PBXContainerItemProxy */;
		};
/* End PBXTargetDependency section */

/* Begin PBXVariantGroup section */
		A77E563319C91B2800ED164C /* InfoPlist.strings */ = {
			isa = PBXVariantGroup;
			children = (
				A77E563419C91B2800ED164C /* en */,
			);
			name = InfoPlist.strings;
			sourceTree = "<group>";
		};
		A77E563C19C91B2800ED164C /* Main.storyboard */ = {
			isa = PBXVariantGroup;
			children = (
				A77E563D19C91B2800ED164C /* Base */,
			);
			name = Main.storyboard;
			sourceTree = "<group>";
		};
		A77E565519C91B2800ED164C /* InfoPlist.strings */ = {
			isa = PBXVariantGroup;
			children = (
				A77E565619C91B2800ED164C /* en */,
			);
			name = InfoPlist.strings;
			sourceTree = "<group>";
		};
/* End PBXVariantGroup section */

/* Begin XCBuildConfiguration section */
		A77E565A19C91B2800ED164C /* Debug */ = {
			isa = XCBuildConfiguration;
			buildSettings = {
				ALWAYS_SEARCH_USER_PATHS = NO;
				CLANG_CXX_LANGUAGE_STANDARD = "gnu++0x";
				CLANG_CXX_LIBRARY = "libc++";
				CLANG_ENABLE_MODULES = YES;
				CLANG_ENABLE_OBJC_ARC = YES;
				CLANG_WARN_BOOL_CONVERSION = YES;
				CLANG_WARN_CONSTANT_CONVERSION = YES;
				CLANG_WARN_DIRECT_OBJC_ISA_USAGE = YES_ERROR;
				CLANG_WARN_EMPTY_BODY = YES;
				CLANG_WARN_ENUM_CONVERSION = YES;
				CLANG_WARN_INT_CONVERSION = YES;
				CLANG_WARN_OBJC_ROOT_CLASS = YES_ERROR;
				CLANG_WARN__DUPLICATE_METHOD_MATCH = YES;
				"CODE_SIGN_IDENTITY[sdk=iphoneos*]" = "iPhone Developer: Rich Tanner (58Z6Z76UAN)";
				COPY_PHASE_STRIP = NO;
				GCC_C_LANGUAGE_STANDARD = gnu99;
				GCC_DYNAMIC_NO_PIC = NO;
				GCC_OPTIMIZATION_LEVEL = 0;
				GCC_PREPROCESSOR_DEFINITIONS = (
					"DEBUG=1",
					"$(inherited)",
				);
				GCC_SYMBOLS_PRIVATE_EXTERN = NO;
				GCC_WARN_64_TO_32_BIT_CONVERSION = YES;
				GCC_WARN_ABOUT_RETURN_TYPE = YES_ERROR;
				GCC_WARN_UNDECLARED_SELECTOR = YES;
				GCC_WARN_UNINITIALIZED_AUTOS = YES_AGGRESSIVE;
				GCC_WARN_UNUSED_FUNCTION = YES;
				GCC_WARN_UNUSED_VARIABLE = YES;
				IPHONEOS_DEPLOYMENT_TARGET = 7.1;
				ONLY_ACTIVE_ARCH = YES;
				SDKROOT = iphoneos;
			};
			name = Debug;
		};
		A77E565B19C91B2800ED164C /* Release */ = {
			isa = XCBuildConfiguration;
			buildSettings = {
				ALWAYS_SEARCH_USER_PATHS = NO;
				CLANG_CXX_LANGUAGE_STANDARD = "gnu++0x";
				CLANG_CXX_LIBRARY = "libc++";
				CLANG_ENABLE_MODULES = YES;
				CLANG_ENABLE_OBJC_ARC = YES;
				CLANG_WARN_BOOL_CONVERSION = YES;
				CLANG_WARN_CONSTANT_CONVERSION = YES;
				CLANG_WARN_DIRECT_OBJC_ISA_USAGE = YES_ERROR;
				CLANG_WARN_EMPTY_BODY = YES;
				CLANG_WARN_ENUM_CONVERSION = YES;
				CLANG_WARN_INT_CONVERSION = YES;
				CLANG_WARN_OBJC_ROOT_CLASS = YES_ERROR;
				CLANG_WARN__DUPLICATE_METHOD_MATCH = YES;
				"CODE_SIGN_IDENTITY[sdk=iphoneos*]" = "iPhone Developer";
				COPY_PHASE_STRIP = YES;
				ENABLE_NS_ASSERTIONS = NO;
				GCC_C_LANGUAGE_STANDARD = gnu99;
				GCC_WARN_64_TO_32_BIT_CONVERSION = YES;
				GCC_WARN_ABOUT_RETURN_TYPE = YES_ERROR;
				GCC_WARN_UNDECLARED_SELECTOR = YES;
				GCC_WARN_UNINITIALIZED_AUTOS = YES_AGGRESSIVE;
				GCC_WARN_UNUSED_FUNCTION = YES;
				GCC_WARN_UNUSED_VARIABLE = YES;
				IPHONEOS_DEPLOYMENT_TARGET = 7.1;
				SDKROOT = iphoneos;
				VALIDATE_PRODUCT = YES;
			};
			name = Release;
		};
		A77E565D19C91B2800ED164C /* Debug */ = {
			isa = XCBuildConfiguration;
			buildSettings = {
				ASSETCATALOG_COMPILER_APPICON_NAME = AppIcon;
				ASSETCATALOG_COMPILER_LAUNCHIMAGE_NAME = LaunchImage;
				GCC_PRECOMPILE_PREFIX_HEADER = YES;
				GCC_PREFIX_HEADER = "Fanlow/Fanlow-Prefix.pch";
				INFOPLIST_FILE = "Fanlow/Fanlow-Info.plist";
				PRODUCT_NAME = "$(TARGET_NAME)";
				WRAPPER_EXTENSION = app;
			};
			name = Debug;
		};
		A77E565E19C91B2800ED164C /* Release */ = {
			isa = XCBuildConfiguration;
			buildSettings = {
				ASSETCATALOG_COMPILER_APPICON_NAME = AppIcon;
				ASSETCATALOG_COMPILER_LAUNCHIMAGE_NAME = LaunchImage;
				GCC_PRECOMPILE_PREFIX_HEADER = YES;
				GCC_PREFIX_HEADER = "Fanlow/Fanlow-Prefix.pch";
				INFOPLIST_FILE = "Fanlow/Fanlow-Info.plist";
				PRODUCT_NAME = "$(TARGET_NAME)";
				WRAPPER_EXTENSION = app;
			};
			name = Release;
		};
		A77E566019C91B2800ED164C /* Debug */ = {
			isa = XCBuildConfiguration;
			buildSettings = {
				BUNDLE_LOADER = "$(BUILT_PRODUCTS_DIR)/Fanlow.app/Fanlow";
				FRAMEWORK_SEARCH_PATHS = (
					"$(SDKROOT)/Developer/Library/Frameworks",
					"$(inherited)",
					"$(DEVELOPER_FRAMEWORKS_DIR)",
				);
				GCC_PRECOMPILE_PREFIX_HEADER = YES;
				GCC_PREFIX_HEADER = "Fanlow/Fanlow-Prefix.pch";
				GCC_PREPROCESSOR_DEFINITIONS = (
					"DEBUG=1",
					"$(inherited)",
				);
				INFOPLIST_FILE = "FanlowTests/FanlowTests-Info.plist";
				PRODUCT_NAME = "$(TARGET_NAME)";
				TEST_HOST = "$(BUNDLE_LOADER)";
				WRAPPER_EXTENSION = xctest;
			};
			name = Debug;
		};
		A77E566119C91B2800ED164C /* Release */ = {
			isa = XCBuildConfiguration;
			buildSettings = {
				BUNDLE_LOADER = "$(BUILT_PRODUCTS_DIR)/Fanlow.app/Fanlow";
				FRAMEWORK_SEARCH_PATHS = (
					"$(SDKROOT)/Developer/Library/Frameworks",
					"$(inherited)",
					"$(DEVELOPER_FRAMEWORKS_DIR)",
				);
				GCC_PRECOMPILE_PREFIX_HEADER = YES;
				GCC_PREFIX_HEADER = "Fanlow/Fanlow-Prefix.pch";
				INFOPLIST_FILE = "FanlowTests/FanlowTests-Info.plist";
				PRODUCT_NAME = "$(TARGET_NAME)";
				TEST_HOST = "$(BUNDLE_LOADER)";
				WRAPPER_EXTENSION = xctest;
			};
			name = Release;
		};
/* End XCBuildConfiguration section */

/* Begin XCConfigurationList section */
		A77E562219C91B2800ED164C /* Build configuration list for PBXProject "Fanlow" */ = {
			isa = XCConfigurationList;
			buildConfigurations = (
				A77E565A19C91B2800ED164C /* Debug */,
				A77E565B19C91B2800ED164C /* Release */,
			);
			defaultConfigurationIsVisible = 0;
			defaultConfigurationName = Release;
		};
		A77E565C19C91B2800ED164C /* Build configuration list for PBXNativeTarget "Fanlow" */ = {
			isa = XCConfigurationList;
			buildConfigurations = (
				A77E565D19C91B2800ED164C /* Debug */,
				A77E565E19C91B2800ED164C /* Release */,
			);
			defaultConfigurationIsVisible = 0;
		};
		A77E565F19C91B2800ED164C /* Build configuration list for PBXNativeTarget "FanlowTests" */ = {
			isa = XCConfigurationList;
			buildConfigurations = (
				A77E566019C91B2800ED164C /* Debug */,
				A77E566119C91B2800ED164C /* Release */,
			);
			defaultConfigurationIsVisible = 0;
		};
/* End XCConfigurationList section */
	};
	rootObject = A77E561F19C91B2800ED164C /* Project object */;
}
